// !$*UTF8*$!
{
	archiveVersion = 1;
	classes = {
	};
	objectVersion = 46;
	objects = {

/* Begin PBXBuildFile section */
		088D9E3744E60FA18327AC77 /* libtinyxml2_d.a in Frameworks */ = {isa = PBXBuildFile; fileRef = 6C7D445FDBCBA689102C4A9F /* libtinyxml2_d.a */; };
		11E0AF2D4FA0EA9773C4FD6D /* liblibpng_d.a in Frameworks */ = {isa = PBXBuildFile; fileRef = 42AF77B5DFAA63DF2F20BDF5 /* liblibpng_d.a */; };
		179098485550D3B27974E688 /* libbase64_d.a in Frameworks */ = {isa = PBXBuildFile; fileRef = BB3786B0583272DAA7A8CCF0 /* libbase64_d.a */; };
		1BACF026CFE76410A5038E66 /* libglew_d.a in Frameworks */ = {isa = PBXBuildFile; fileRef = 5E9B4F4EDB0AE3F8AA24E58E /* libglew_d.a */; };
		1C4EF92E20380118C19A176E /* libFindPathEngine_d.a in Frameworks */ = {isa = PBXBuildFile; fileRef = 535FB6B649275F60F1CDCCF6 /* libFindPathEngine_d.a */; };
		2480BDE7AAD5391116CD6427 /* libbullet2_d.a in Frameworks */ = {isa = PBXBuildFile; fileRef = FF03F2AFB33E6699885A90EF /* libbullet2_d.a */; };
		42DD2382809D5EECA4C171C2 /* libtheora_d.a in Frameworks */ = {isa = PBXBuildFile; fileRef = 3F7DBC2ADC78A8542BEF026A /* libtheora_d.a */; };
		5157FFF0EE52EC1A3DC94630 /* libogg_d.a in Frameworks */ = {isa = PBXBuildFile; fileRef = 4D739D582A096242983ADB98 /* libogg_d.a */; };
		6AE6AA38A8A6E5A2CCCAF878 /* libvorbis_d.a in Frameworks */ = {isa = PBXBuildFile; fileRef = A12BDEA03E26CACA8D9D24E0 /* libvorbis_d.a */; };
		6FFA63278B44DC517209C967 /* main.cpp in Sources */ = {isa = PBXBuildFile; fileRef = B6B475B35D17EA9DD6A9B3F3 /* main.cpp */; };
		9659ECBB4A9460A51FB08AFB /* libcurl_d.a in Frameworks */ = {isa = PBXBuildFile; fileRef = 94077C03107710ADDF911243 /* libcurl_d.a */; };
		A1F0904EDE4901B81C8A9E8E /* libfreetype_d.a in Frameworks */ = {isa = PBXBuildFile; fileRef = C6A01DD635EE80006A4F2416 /* libfreetype_d.a */; };
		B6B3533F53AE3F69A324997F /* liblua_d.a in Frameworks */ = {isa = PBXBuildFile; fileRef = AB8C1F078821E3F1F6535D47 /* liblua_d.a */; };
		B99C78982C62D1822D9836D8 /* libThreadPool_d.a in Frameworks */ = {isa = PBXBuildFile; fileRef = 14F44660B312200A9BDEFCA0 /* libThreadPool_d.a */; };
		C3FCD64C78374A364D53748C /* libzlib_d.a in Frameworks */ = {isa = PBXBuildFile; fileRef = 59C79734D6372BDEA5512D74 /* libzlib_d.a */; };
		C842B9760602F4E02A2707B6 /* libopenal_d.a in Frameworks */ = {isa = PBXBuildFile; fileRef = 464ED69EE349C2C832C01CDE /* libopenal_d.a */; };
		CD924C2AD7F476148A4EAA6A /* libteckel_d.a in Frameworks */ = {isa = PBXBuildFile; fileRef = AEFD9B32F9E025DC8674F172 /* libteckel_d.a */; };
		EC5F3F2C72B3BA56DEABE56C /* liblibjson_d.a in Frameworks */ = {isa = PBXBuildFile; fileRef = 45BA2E14F9F4A1FECF10CC54 /* liblibjson_d.a */; };
/* End PBXBuildFile section */

/* Begin PBXContainerItemProxy section */
		17CC3AEB48133455226B492B /* PBXContainerItemProxy */ = {
			isa = PBXContainerItemProxy;
			containerPortal = A97228B4466D14DE95E36EF4 /* glew.xcodeproj */;
			proxyType = 2;
			remoteGlobalIDString = 66A0F1522FF048FCEB7E6792;
			remoteInfo = glew;
		};
		1C7950AD37C3C9D71E88B6ED /* PBXContainerItemProxy */ = {
			isa = PBXContainerItemProxy;
			containerPortal = 8BDB24FAC99B6064EDBF733A /* libjson.xcodeproj */;
			proxyType = 2;
			remoteGlobalIDString = 21822C54CC835BBE9616FA94;
			remoteInfo = libjson;
		};
		2F4335245F8A2E8E39E24364 /* PBXContainerItemProxy */ = {
			isa = PBXContainerItemProxy;
			containerPortal = A97228B4466D14DE95E36EF4 /* glew.xcodeproj */;
			proxyType = 1;
			remoteGlobalIDString = C28089F89A0E94624A683838;
			remoteInfo = glew;
		};
		30CA77E0B564164A74C6A620 /* PBXContainerItemProxy */ = {
			isa = PBXContainerItemProxy;
			containerPortal = 59EE989CF80C7246E0D94EDC /* freetype.xcodeproj */;
			proxyType = 2;
			remoteGlobalIDString = F5DD056701042211FD0B9BA7;
			remoteInfo = freetype;
		};
		33F04AE64F3AC41035FFB126 /* PBXContainerItemProxy */ = {
			isa = PBXContainerItemProxy;
			containerPortal = 8BDB24FAC99B6064EDBF733A /* libjson.xcodeproj */;
			proxyType = 1;
			remoteGlobalIDString = 34C56CBA8F4956E466D972FA;
			remoteInfo = libjson;
		};
		3825405B96103C4566C0DE9B /* PBXContainerItemProxy */ = {
			isa = PBXContainerItemProxy;
			containerPortal = E43D6A0425C74DAE4C9A6044 /* openal.xcodeproj */;
			proxyType = 2;
			remoteGlobalIDString = 5F9DFCC2BA21E6EC91B20302;
			remoteInfo = openal;
		};
		3F9D5E365AE7D76041ACC476 /* PBXContainerItemProxy */ = {
			isa = PBXContainerItemProxy;
			containerPortal = D0A87DD50E68B93F328CCC15 /* bullet2.xcodeproj */;
			proxyType = 2;
			remoteGlobalIDString = 3691E57DE19314E7AB26B3BD;
			remoteInfo = bullet2;
		};
		48417219CCDB10838C3DA059 /* PBXContainerItemProxy */ = {
			isa = PBXContainerItemProxy;
			containerPortal = 59EE989CF80C7246E0D94EDC /* freetype.xcodeproj */;
			proxyType = 1;
			remoteGlobalIDString = A7CFEF6D52D11ED71C64BDAD;
			remoteInfo = freetype;
		};
		4F9C3A94AD87367E7E37D8D4 /* PBXContainerItemProxy */ = {
			isa = PBXContainerItemProxy;
			containerPortal = E43D6A0425C74DAE4C9A6044 /* openal.xcodeproj */;
			proxyType = 1;
			remoteGlobalIDString = E151E768D48C345201DE25A8;
			remoteInfo = openal;
		};
		501C08CE6196E9B883DCC70E /* PBXContainerItemProxy */ = {
			isa = PBXContainerItemProxy;
			containerPortal = A987AEA6E5109FD05DB214E6 /* ThreadPool.xcodeproj */;
			proxyType = 2;
			remoteGlobalIDString = A36ABF1514CBAE3F3097E555;
			remoteInfo = ThreadPool;
		};
		5714586F725ED1995923BEAF /* PBXContainerItemProxy */ = {
			isa = PBXContainerItemProxy;
			containerPortal = D0A87DD50E68B93F328CCC15 /* bullet2.xcodeproj */;
			proxyType = 1;
			remoteGlobalIDString = 8ABE24C3E5420EEDBCD22B03;
			remoteInfo = bullet2;
		};
		5A8EC121B879BD0B892A5F61 /* PBXContainerItemProxy */ = {
			isa = PBXContainerItemProxy;
			containerPortal = 50429F9691CC8340B89F95D6 /* base64.xcodeproj */;
			proxyType = 2;
			remoteGlobalIDString = 2E889D48890C8772609CA388;
			remoteInfo = base64;
		};
		67930307790DE3F19B53C147 /* PBXContainerItemProxy */ = {
			isa = PBXContainerItemProxy;
			containerPortal = A987AEA6E5109FD05DB214E6 /* ThreadPool.xcodeproj */;
			proxyType = 1;
			remoteGlobalIDString = BC962B5B2CA0DD45A997899B;
			remoteInfo = ThreadPool;
		};
		7205BB5ACFF0B744A0A1599A /* PBXContainerItemProxy */ = {
			isa = PBXContainerItemProxy;
			containerPortal = 50429F9691CC8340B89F95D6 /* base64.xcodeproj */;
			proxyType = 1;
			remoteGlobalIDString = A9878F2E9CC1DC18CA13CD6E;
			remoteInfo = base64;
		};
		7D23BD5FDB0EB949ABBF5B9F /* PBXContainerItemProxy */ = {
			isa = PBXContainerItemProxy;
			containerPortal = 6C22C890ADACAC3AD47FBED0 /* theora.xcodeproj */;
			proxyType = 2;
			remoteGlobalIDString = D4A0B4462F249E7006B4BA86;
			remoteInfo = theora;
		};
		8B394DD4E92449BEB9D4EC14 /* PBXContainerItemProxy */ = {
			isa = PBXContainerItemProxy;
			containerPortal = 6EBAFCF8DE095F22126A0338 /* teckel.xcodeproj */;
			proxyType = 2;
			remoteGlobalIDString = BA7D4BDB15013605EC91521B;
			remoteInfo = teckel;
		};
		949AB798F285B382C33655D8 /* PBXContainerItemProxy */ = {
			isa = PBXContainerItemProxy;
			containerPortal = 6C22C890ADACAC3AD47FBED0 /* theora.xcodeproj */;
			proxyType = 1;
			remoteGlobalIDString = D559BE6CC8940B56F5E5FCAC;
			remoteInfo = theora;
		};
		991BC6831DB564EDDD17F4C3 /* PBXContainerItemProxy */ = {
			isa = PBXContainerItemProxy;
			containerPortal = 89E3A9E52801838F10CE6025 /* tinyxml2.xcodeproj */;
			proxyType = 2;
			remoteGlobalIDString = 6E1D4BEA79446894754BE22A;
			remoteInfo = tinyxml2;
		};
		9D5DDC72CDA4D5DCA7FCEAB2 /* PBXContainerItemProxy */ = {
			isa = PBXContainerItemProxy;
			containerPortal = 08A5C129A5A0AD53F5170769 /* curl.xcodeproj */;
			proxyType = 2;
			remoteGlobalIDString = 8C0EB139555E08E310EC2779;
			remoteInfo = curl;
		};
		9EF63458FCE13042CD91D298 /* PBXContainerItemProxy */ = {
			isa = PBXContainerItemProxy;
			containerPortal = 9B72205BDCFC040503CF169B /* libpng.xcodeproj */;
			proxyType = 2;
			remoteGlobalIDString = 7EB95CDFD93D4709B0CD631F;
			remoteInfo = libpng;
		};
		A2B0480D009B43F7D14BE64D /* PBXContainerItemProxy */ = {
			isa = PBXContainerItemProxy;
			containerPortal = 6EBAFCF8DE095F22126A0338 /* teckel.xcodeproj */;
			proxyType = 1;
			remoteGlobalIDString = B5873761A8C1844BD61375A1;
			remoteInfo = teckel;
		};
		AA1BC24DDA62BBB7B4BAD08D /* PBXContainerItemProxy */ = {
			isa = PBXContainerItemProxy;
			containerPortal = A41ED51A4119C14490901B5A /* zlib.xcodeproj */;
			proxyType = 2;
			remoteGlobalIDString = E69561F4AFE4B99E6B72D834;
			remoteInfo = zlib;
		};
		B092C0BC352C5F26F48EEEFC /* PBXContainerItemProxy */ = {
			isa = PBXContainerItemProxy;
			containerPortal = 89E3A9E52801838F10CE6025 /* tinyxml2.xcodeproj */;
			proxyType = 1;
			remoteGlobalIDString = 180FF190C31120FA8CA4BFD0;
			remoteInfo = tinyxml2;
		};
		B4D4D6ABE51BD015BF73E4EB /* PBXContainerItemProxy */ = {
			isa = PBXContainerItemProxy;
			containerPortal = 08A5C129A5A0AD53F5170769 /* curl.xcodeproj */;
			proxyType = 1;
			remoteGlobalIDString = 01B268FFD9407369899A173F;
			remoteInfo = curl;
		};
		B66D2E9114582A7BE508CCD1 /* PBXContainerItemProxy */ = {
			isa = PBXContainerItemProxy;
			containerPortal = 9B72205BDCFC040503CF169B /* libpng.xcodeproj */;
			proxyType = 1;
			remoteGlobalIDString = E24337E5D57D84CF02CF7625;
			remoteInfo = libpng;
		};
		C192BC86F1D9B5F0CC31CAC6 /* PBXContainerItemProxy */ = {
			isa = PBXContainerItemProxy;
			containerPortal = A41ED51A4119C14490901B5A /* zlib.xcodeproj */;
			proxyType = 1;
			remoteGlobalIDString = 23786E5AFB0678C4AB601C9A;
			remoteInfo = zlib;
		};
		C9C2147ED2FA88A8D9985ABE /* PBXContainerItemProxy */ = {
			isa = PBXContainerItemProxy;
			containerPortal = 9A7F602DC613AC9777CC4E6D /* lua.xcodeproj */;
			proxyType = 2;
			remoteGlobalIDString = A07E38C5780C432F2865E705;
			remoteInfo = lua;
		};
		D59B08713386045B0436A6B1 /* PBXContainerItemProxy */ = {
			isa = PBXContainerItemProxy;
			containerPortal = DB032B861C8D0F30436021C6 /* vorbis.xcodeproj */;
			proxyType = 2;
			remoteGlobalIDString = E98D5698441140C21BA15CD8;
			remoteInfo = vorbis;
		};
		E1390EB7EA7182E1F10F54F7 /* PBXContainerItemProxy */ = {
			isa = PBXContainerItemProxy;
			containerPortal = 9A7F602DC613AC9777CC4E6D /* lua.xcodeproj */;
			proxyType = 1;
			remoteGlobalIDString = E3492F0B4EAA943599D4154B;
			remoteInfo = lua;
		};
		E17ED819EAB74C43F1551E59 /* PBXContainerItemProxy */ = {
			isa = PBXContainerItemProxy;
			containerPortal = DEAFEB3E0A4437A8BBFCD97E /* ogg.xcodeproj */;
			proxyType = 2;
			remoteGlobalIDString = 9A00DF40718EE9AA21E88D80;
			remoteInfo = ogg;
		};
		E17F168005F45C6A67F4F4C0 /* PBXContainerItemProxy */ = {
			isa = PBXContainerItemProxy;
			containerPortal = A11EA37CE630A3A699D469BC /* FindPathEngine.xcodeproj */;
			proxyType = 2;
			remoteGlobalIDString = 906C880799A4FC31A042CE47;
			remoteInfo = FindPathEngine;
		};
		ED1202AA4AFCFE941BADA0EA /* PBXContainerItemProxy */ = {
			isa = PBXContainerItemProxy;
			containerPortal = DB032B861C8D0F30436021C6 /* vorbis.xcodeproj */;
			proxyType = 1;
			remoteGlobalIDString = AF325E7EA26CAB68CFBE9CBE;
			remoteInfo = vorbis;
		};
		F8F5D252022E467C08CC1892 /* PBXContainerItemProxy */ = {
			isa = PBXContainerItemProxy;
			containerPortal = DEAFEB3E0A4437A8BBFCD97E /* ogg.xcodeproj */;
			proxyType = 1;
			remoteGlobalIDString = 9583722600E4D7504C0E5866;
			remoteInfo = ogg;
		};
		F8F610B91D6B56A37F6BEEF9 /* PBXContainerItemProxy */ = {
			isa = PBXContainerItemProxy;
			containerPortal = A11EA37CE630A3A699D469BC /* FindPathEngine.xcodeproj */;
			proxyType = 1;
			remoteGlobalIDString = 57299E0D4FAF34F786301C4D;
			remoteInfo = FindPathEngine;
		};
/* End PBXContainerItemProxy section */

/* Begin PBXFileReference section */
		08A5C129A5A0AD53F5170769 /* libcurl_d.a */ = {isa = PBXFileReference; lastKnownFileType = "wrapper.pb-project"; name = "curl.xcodeproj"; path = ../../../deps/curl/premake5_projects/xcode4/ios/curl.xcodeproj; sourceTree = SOURCE_ROOT; };
		12EE248C9787C2F656EA52CC /* FindPathExample */ = {isa = PBXFileReference; explicitFileType = wrapper.application; includeInIndex = 0; name = FindPathExample; path = FindPathExample.app; sourceTree = BUILT_PRODUCTS_DIR; };
		50429F9691CC8340B89F95D6 /* libbase64_d.a */ = {isa = PBXFileReference; lastKnownFileType = "wrapper.pb-project"; name = "base64.xcodeproj"; path = ../../../deps/base64/premake5_projects/xcode4/ios/base64.xcodeproj; sourceTree = SOURCE_ROOT; };
		59EE989CF80C7246E0D94EDC /* libfreetype_d.a */ = {isa = PBXFileReference; lastKnownFileType = "wrapper.pb-project"; name = "freetype.xcodeproj"; path = ../../../deps/freetype/prj/xcode4/ios/freetype.xcodeproj; sourceTree = SOURCE_ROOT; };
		6C22C890ADACAC3AD47FBED0 /* libtheora_d.a */ = {isa = PBXFileReference; lastKnownFileType = "wrapper.pb-project"; name = "theora.xcodeproj"; path = ../../../deps/theora/premake5_projects/xcode4/ios/theora.xcodeproj; sourceTree = SOURCE_ROOT; };
		6EBAFCF8DE095F22126A0338 /* libteckel_d.a */ = {isa = PBXFileReference; lastKnownFileType = "wrapper.pb-project"; name = "teckel.xcodeproj"; path = ../../../deps/teckel/prj/xcode4/ios/teckel.xcodeproj; sourceTree = SOURCE_ROOT; };
		89E3A9E52801838F10CE6025 /* libtinyxml2_d.a */ = {isa = PBXFileReference; lastKnownFileType = "wrapper.pb-project"; name = "tinyxml2.xcodeproj"; path = ../../../deps/tinyxml2/prj/xcode4/ios/tinyxml2.xcodeproj; sourceTree = SOURCE_ROOT; };
		8BDB24FAC99B6064EDBF733A /* liblibjson_d.a */ = {isa = PBXFileReference; lastKnownFileType = "wrapper.pb-project"; name = "libjson.xcodeproj"; path = ../../../deps/libjson/premake5_projects/xcode4/ios/libjson.xcodeproj; sourceTree = SOURCE_ROOT; };
		97D8F77D65828767CC6915BD /* main.h */ = {isa = PBXFileReference; lastKnownFileType = sourcecode.c.h; name = main.h; path = ../../../src/main.h; sourceTree = "<group>"; };
		9A7F602DC613AC9777CC4E6D /* liblua_d.a */ = {isa = PBXFileReference; lastKnownFileType = "wrapper.pb-project"; name = "lua.xcodeproj"; path = ../../../deps/lua/premake5_projects/xcode4/ios/lua.xcodeproj; sourceTree = SOURCE_ROOT; };
		9B72205BDCFC040503CF169B /* liblibpng_d.a */ = {isa = PBXFileReference; lastKnownFileType = "wrapper.pb-project"; name = "libpng.xcodeproj"; path = ../../../deps/libpng/premake5_projects/xcode4/ios/libpng.xcodeproj; sourceTree = SOURCE_ROOT; };
		A11EA37CE630A3A699D469BC /* libFindPathEngine_d.a */ = {isa = PBXFileReference; lastKnownFileType = "wrapper.pb-project"; name = "FindPathEngine.xcodeproj"; path = ../../../deps/FindPathEngine/prj/xcode4/ios/FindPathEngine.xcodeproj; sourceTree = SOURCE_ROOT; };
		A41ED51A4119C14490901B5A /* libzlib_d.a */ = {isa = PBXFileReference; lastKnownFileType = "wrapper.pb-project"; name = "zlib.xcodeproj"; path = ../../../deps/zlib/premake5_projects/xcode4/ios/zlib.xcodeproj; sourceTree = SOURCE_ROOT; };
		A97228B4466D14DE95E36EF4 /* libglew_d.a */ = {isa = PBXFileReference; lastKnownFileType = "wrapper.pb-project"; name = "glew.xcodeproj"; path = ../../../deps/glew/premake5_projects/xcode4/ios/glew.xcodeproj; sourceTree = SOURCE_ROOT; };
		A987AEA6E5109FD05DB214E6 /* libThreadPool_d.a */ = {isa = PBXFileReference; lastKnownFileType = "wrapper.pb-project"; name = "ThreadPool.xcodeproj"; path = ../../../deps/ThreadPool/prj/xcode4/ios/ThreadPool.xcodeproj; sourceTree = SOURCE_ROOT; };
		B6B475B35D17EA9DD6A9B3F3 /* main.cpp */ = {isa = PBXFileReference; lastKnownFileType = sourcecode.cpp.cpp; name = main.cpp; path = ../../../src/main.cpp; sourceTree = "<group>"; };
		D0A87DD50E68B93F328CCC15 /* libbullet2_d.a */ = {isa = PBXFileReference; lastKnownFileType = "wrapper.pb-project"; name = "bullet2.xcodeproj"; path = ../../../deps/bullet2/premake5_projects/xcode4/ios/bullet2.xcodeproj; sourceTree = SOURCE_ROOT; };
		DB032B861C8D0F30436021C6 /* libvorbis_d.a */ = {isa = PBXFileReference; lastKnownFileType = "wrapper.pb-project"; name = "vorbis.xcodeproj"; path = ../../../deps/vorbis/premake5_projects/xcode4/ios/vorbis.xcodeproj; sourceTree = SOURCE_ROOT; };
		DEAFEB3E0A4437A8BBFCD97E /* libogg_d.a */ = {isa = PBXFileReference; lastKnownFileType = "wrapper.pb-project"; name = "ogg.xcodeproj"; path = ../../../deps/ogg/premake5_projects/xcode4/ios/ogg.xcodeproj; sourceTree = SOURCE_ROOT; };
		E43D6A0425C74DAE4C9A6044 /* libopenal_d.a */ = {isa = PBXFileReference; lastKnownFileType = "wrapper.pb-project"; name = "openal.xcodeproj"; path = ../../../deps/openal/premake5_projects/xcode4/ios/openal.xcodeproj; sourceTree = SOURCE_ROOT; };
		EEDF7FFF526759E967C9DE3F /* README.txt */ = {isa = PBXFileReference; lastKnownFileType = text; name = README.txt; path = ../../../src/README.txt; sourceTree = "<group>"; };
/* End PBXFileReference section */

/* Begin PBXFrameworksBuildPhase section */
		BB25EB0D58A4BF77EDF7D94D /* Frameworks */ = {
			isa = PBXFrameworksBuildPhase;
			buildActionMask = 2147483647;
			files = (
				CD924C2AD7F476148A4EAA6A /* libteckel_d.a in Frameworks */,
				179098485550D3B27974E688 /* libbase64_d.a in Frameworks */,
				2480BDE7AAD5391116CD6427 /* libbullet2_d.a in Frameworks */,
				9659ECBB4A9460A51FB08AFB /* libcurl_d.a in Frameworks */,
				A1F0904EDE4901B81C8A9E8E /* libfreetype_d.a in Frameworks */,
				1BACF026CFE76410A5038E66 /* libglew_d.a in Frameworks */,
				EC5F3F2C72B3BA56DEABE56C /* liblibjson_d.a in Frameworks */,
				11E0AF2D4FA0EA9773C4FD6D /* liblibpng_d.a in Frameworks */,
				B6B3533F53AE3F69A324997F /* liblua_d.a in Frameworks */,
				5157FFF0EE52EC1A3DC94630 /* libogg_d.a in Frameworks */,
				C842B9760602F4E02A2707B6 /* libopenal_d.a in Frameworks */,
				42DD2382809D5EECA4C171C2 /* libtheora_d.a in Frameworks */,
				088D9E3744E60FA18327AC77 /* libtinyxml2_d.a in Frameworks */,
				6AE6AA38A8A6E5A2CCCAF878 /* libvorbis_d.a in Frameworks */,
				C3FCD64C78374A364D53748C /* libzlib_d.a in Frameworks */,
				1C4EF92E20380118C19A176E /* libFindPathEngine_d.a in Frameworks */,
				B99C78982C62D1822D9836D8 /* libThreadPool_d.a in Frameworks */,
			);
			runOnlyForDeploymentPostprocessing = 0;
		};
/* End PBXFrameworksBuildPhase section */

/* Begin PBXGroup section */
		0074A5FF399ACCA95EF57C3F /* Products */ = {
			isa = PBXGroup;
			children = (
				3F7DBC2ADC78A8542BEF026A /* libtheora_d.a */,
			);
			name = Products;
			sourceTree = "<group>";
		};
		2A48DF00FCD80FAA2E5BF540 /* Products */ = {
			isa = PBXGroup;
			children = (
				535FB6B649275F60F1CDCCF6 /* libFindPathEngine_d.a */,
			);
			name = Products;
			sourceTree = "<group>";
		};
		372F7BD47055A27E95B05214 /* Products */ = {
			isa = PBXGroup;
			children = (
				AEFD9B32F9E025DC8674F172 /* libteckel_d.a */,
			);
			name = Products;
			sourceTree = "<group>";
		};
		581EEAC54FB7EDAF2070E905 /* Projects */ = {
			isa = PBXGroup;
			children = (
				6EBAFCF8DE095F22126A0338 /* teckel.xcodeproj */,
				50429F9691CC8340B89F95D6 /* base64.xcodeproj */,
				D0A87DD50E68B93F328CCC15 /* bullet2.xcodeproj */,
				08A5C129A5A0AD53F5170769 /* curl.xcodeproj */,
				59EE989CF80C7246E0D94EDC /* freetype.xcodeproj */,
				A97228B4466D14DE95E36EF4 /* glew.xcodeproj */,
				8BDB24FAC99B6064EDBF733A /* libjson.xcodeproj */,
				9B72205BDCFC040503CF169B /* libpng.xcodeproj */,
				9A7F602DC613AC9777CC4E6D /* lua.xcodeproj */,
				DEAFEB3E0A4437A8BBFCD97E /* ogg.xcodeproj */,
				E43D6A0425C74DAE4C9A6044 /* openal.xcodeproj */,
				6C22C890ADACAC3AD47FBED0 /* theora.xcodeproj */,
				89E3A9E52801838F10CE6025 /* tinyxml2.xcodeproj */,
				DB032B861C8D0F30436021C6 /* vorbis.xcodeproj */,
				A41ED51A4119C14490901B5A /* zlib.xcodeproj */,
				A11EA37CE630A3A699D469BC /* FindPathEngine.xcodeproj */,
				A987AEA6E5109FD05DB214E6 /* ThreadPool.xcodeproj */,
			);
			name = Projects;
			sourceTree = "<group>";
		};
		5A9E078DB88903778939A5CD /* Products */ = {
			isa = PBXGroup;
			children = (
				45BA2E14F9F4A1FECF10CC54 /* liblibjson_d.a */,
			);
			name = Products;
			sourceTree = "<group>";
		};
		5EE8C52D682139576EBF0B6D /* Products */ = {
			isa = PBXGroup;
			children = (
				59C79734D6372BDEA5512D74 /* libzlib_d.a */,
			);
			name = Products;
			sourceTree = "<group>";
		};
		62FD94607E480D8A650CFAA0 /* Products */ = {
			isa = PBXGroup;
			children = (
				C6A01DD635EE80006A4F2416 /* libfreetype_d.a */,
			);
			name = Products;
			sourceTree = "<group>";
		};
		6538AFD9069AEA839D1E0619 /* FindPathExample */ = {
			isa = PBXGroup;
			children = (
				EEDF7FFF526759E967C9DE3F /* README.txt */,
				B6B475B35D17EA9DD6A9B3F3 /* main.cpp */,
				97D8F77D65828767CC6915BD /* main.h */,
				581EEAC54FB7EDAF2070E905 /* Projects */,
				EA8E290FE2272BF9B2E0274F /* Products */,
			);
			name = FindPathExample;
			sourceTree = "<group>";
		};
		69FDA20B7336163579D3E84B /* Products */ = {
			isa = PBXGroup;
			children = (
				5E9B4F4EDB0AE3F8AA24E58E /* libglew_d.a */,
			);
			name = Products;
			sourceTree = "<group>";
		};
		701A5179689FE8639F20CFB9 /* Products */ = {
			isa = PBXGroup;
			children = (
				4D739D582A096242983ADB98 /* libogg_d.a */,
			);
			name = Products;
			sourceTree = "<group>";
		};
		7D8DAEB286C622DC8D63F4F2 /* Products */ = {
			isa = PBXGroup;
			children = (
				94077C03107710ADDF911243 /* libcurl_d.a */,
			);
			name = Products;
			sourceTree = "<group>";
		};
		8EC5D6D1C7EBFD7BED46AD11 /* Products */ = {
			isa = PBXGroup;
			children = (
				A12BDEA03E26CACA8D9D24E0 /* libvorbis_d.a */,
			);
			name = Products;
			sourceTree = "<group>";
		};
		92CD3981CBF3602BF14E0FC1 /* Products */ = {
			isa = PBXGroup;
			children = (
				BB3786B0583272DAA7A8CCF0 /* libbase64_d.a */,
			);
			name = Products;
			sourceTree = "<group>";
		};
		A94207F6072D03E0D7DDA636 /* Products */ = {
			isa = PBXGroup;
			children = (
				FF03F2AFB33E6699885A90EF /* libbullet2_d.a */,
			);
			name = Products;
			sourceTree = "<group>";
		};
		B3E7A1D8ED0DC88212687818 /* Products */ = {
			isa = PBXGroup;
			children = (
				42AF77B5DFAA63DF2F20BDF5 /* liblibpng_d.a */,
			);
			name = Products;
			sourceTree = "<group>";
		};
		C33E1AA3DE8893CDC54D80E3 /* Products */ = {
			isa = PBXGroup;
			children = (
				6C7D445FDBCBA689102C4A9F /* libtinyxml2_d.a */,
			);
			name = Products;
			sourceTree = "<group>";
		};
		C8C9BF8EE0972B388C4BB5CE /* Products */ = {
			isa = PBXGroup;
			children = (
				14F44660B312200A9BDEFCA0 /* libThreadPool_d.a */,
			);
			name = Products;
			sourceTree = "<group>";
		};
		D793B97B10B9E02536148FBB /* Products */ = {
			isa = PBXGroup;
			children = (
				464ED69EE349C2C832C01CDE /* libopenal_d.a */,
			);
			name = Products;
			sourceTree = "<group>";
		};
		EA8E290FE2272BF9B2E0274F /* Products */ = {
			isa = PBXGroup;
			children = (
				12EE248C9787C2F656EA52CC /* FindPathExample */,
			);
			name = Products;
			sourceTree = "<group>";
		};
		FB05153EF38AAC282A0B937E /* Products */ = {
			isa = PBXGroup;
			children = (
				AB8C1F078821E3F1F6535D47 /* liblua_d.a */,
			);
			name = Products;
			sourceTree = "<group>";
		};
/* End PBXGroup section */

/* Begin PBXHeadersBuildPhase section */
/* End PBXHeadersBuildPhase section */

/* Begin PBXNativeTarget section */
		BFF73DF2DB41B71CC206A432 /* FindPathExample */ = {
			isa = PBXNativeTarget;
			buildConfigurationList = 974846CC34C71B36CA1A350C /* Build configuration list for PBXNativeTarget "FindPathExample" */;
			buildPhases = (
				3CF6CFADDA75A4176FC8BDED /* Resources */,
				D6AC5764742B2BCE097E45A4 /* Sources */,
				BB25EB0D58A4BF77EDF7D94D /* Frameworks */,
				6CADB89875E62CC27C83FED8 /* Embed Frameworks */,
			);
			buildRules = (
			);
			dependencies = (
				D794467D10BA6D2736151CBD /* PBXTargetDependency */,
				3332042A6C582AD491B2DA6A /* PBXTargetDependency */,
				49A6D29FA791CE89784270DF /* PBXTargetDependency */,
				1DF2795B272AED852DC8BF9B /* PBXTargetDependency */,
				03625F091EACD8330571C549 /* PBXTargetDependency */,
				0A626CB4139AE0DE1A38B2F4 /* PBXTargetDependency */,
				FB02D23658EDCE20299E7076 /* PBXTargetDependency */,
				544C6C818D72932BB2CD42C1 /* PBXTargetDependency */,
				9B69DFE793EF76D1CA705E27 /* PBXTargetDependency */,
				107F1C220904B30C3F859A62 /* PBXTargetDependency */,
				77F88424B11EAACED6795A64 /* PBXTargetDependency */,
				A0D970A8D9FF9752FF5A46E8 /* PBXTargetDependency */,
				63A2E54C7EED5E7665B24B8C /* PBXTargetDependency */,
				2F2AA17A6850C8248DAB77BA /* PBXTargetDependency */,
				FF4D8FD6088604000F23D616 /* PBXTargetDependency */,
				CAADA9A99D3CDA53CEC0BFE9 /* PBXTargetDependency */,
				692E8A3780FBF5E12CB08077 /* PBXTargetDependency */,
			);
			name = FindPathExample;
			productInstallPath = "$(HOME)/Applications";
			productName = FindPathExample;
			productReference = 12EE248C9787C2F656EA52CC /* FindPathExample */;
			productType = "com.apple.product-type.application";
		};
/* End PBXNativeTarget section */

/* Begin PBXProject section */
		08FB7793FE84155DC02AAC07 /* Project object */ = {
			isa = PBXProject;
			attributes = {
				TargetAttributes = {
					BFF73DF2DB41B71CC206A432 = {
					};
				};
			};
			buildConfigurationList = 1DEB928908733DD80010E9CD /* Build configuration list for PBXProject "FindPathExample" */;
			compatibilityVersion = "Xcode 3.2";
			hasScannedForEncodings = 1;
			mainGroup = 6538AFD9069AEA839D1E0619 /* FindPathExample */;
			productRefGroup = C2F5A396E76AE980496B81D6 /* Products */;
			projectDirPath = "";
			projectReferences = (
				{
					ProductGroup = 2A48DF00FCD80FAA2E5BF540 /* Products */;
					ProjectRef = A11EA37CE630A3A699D469BC /* FindPathEngine.xcodeproj */;
				},
				{
					ProductGroup = C8C9BF8EE0972B388C4BB5CE /* Products */;
					ProjectRef = A987AEA6E5109FD05DB214E6 /* ThreadPool.xcodeproj */;
				},
				{
					ProductGroup = 92CD3981CBF3602BF14E0FC1 /* Products */;
					ProjectRef = 50429F9691CC8340B89F95D6 /* base64.xcodeproj */;
				},
				{
					ProductGroup = A94207F6072D03E0D7DDA636 /* Products */;
					ProjectRef = D0A87DD50E68B93F328CCC15 /* bullet2.xcodeproj */;
				},
				{
					ProductGroup = 7D8DAEB286C622DC8D63F4F2 /* Products */;
					ProjectRef = 08A5C129A5A0AD53F5170769 /* curl.xcodeproj */;
				},
				{
					ProductGroup = 62FD94607E480D8A650CFAA0 /* Products */;
					ProjectRef = 59EE989CF80C7246E0D94EDC /* freetype.xcodeproj */;
				},
				{
					ProductGroup = 69FDA20B7336163579D3E84B /* Products */;
					ProjectRef = A97228B4466D14DE95E36EF4 /* glew.xcodeproj */;
				},
				{
					ProductGroup = 5A9E078DB88903778939A5CD /* Products */;
					ProjectRef = 8BDB24FAC99B6064EDBF733A /* libjson.xcodeproj */;
				},
				{
					ProductGroup = B3E7A1D8ED0DC88212687818 /* Products */;
					ProjectRef = 9B72205BDCFC040503CF169B /* libpng.xcodeproj */;
				},
				{
					ProductGroup = FB05153EF38AAC282A0B937E /* Products */;
					ProjectRef = 9A7F602DC613AC9777CC4E6D /* lua.xcodeproj */;
				},
				{
					ProductGroup = 701A5179689FE8639F20CFB9 /* Products */;
					ProjectRef = DEAFEB3E0A4437A8BBFCD97E /* ogg.xcodeproj */;
				},
				{
					ProductGroup = D793B97B10B9E02536148FBB /* Products */;
					ProjectRef = E43D6A0425C74DAE4C9A6044 /* openal.xcodeproj */;
				},
				{
					ProductGroup = 372F7BD47055A27E95B05214 /* Products */;
					ProjectRef = 6EBAFCF8DE095F22126A0338 /* teckel.xcodeproj */;
				},
				{
					ProductGroup = 0074A5FF399ACCA95EF57C3F /* Products */;
					ProjectRef = 6C22C890ADACAC3AD47FBED0 /* theora.xcodeproj */;
				},
				{
					ProductGroup = C33E1AA3DE8893CDC54D80E3 /* Products */;
					ProjectRef = 89E3A9E52801838F10CE6025 /* tinyxml2.xcodeproj */;
				},
				{
					ProductGroup = 8EC5D6D1C7EBFD7BED46AD11 /* Products */;
					ProjectRef = DB032B861C8D0F30436021C6 /* vorbis.xcodeproj */;
				},
				{
					ProductGroup = 5EE8C52D682139576EBF0B6D /* Products */;
					ProjectRef = A41ED51A4119C14490901B5A /* zlib.xcodeproj */;
				},
			);
			projectRoot = "";
			targets = (
				BFF73DF2DB41B71CC206A432 /* FindPathExample */,
			);
		};
/* End PBXProject section */

/* Begin PBXReferenceProxy section */
		14F44660B312200A9BDEFCA0 /* libThreadPool_d.a */ = {
			isa = PBXReferenceProxy;
			fileType = archive.ar;
			path = libThreadPool_d.a;
			remoteRef = 501C08CE6196E9B883DCC70E /* PBXContainerItemProxy */;
			sourceTree = BUILT_PRODUCTS_DIR;
		};
		3F7DBC2ADC78A8542BEF026A /* libtheora_d.a */ = {
			isa = PBXReferenceProxy;
			fileType = archive.ar;
			path = libtheora_d.a;
			remoteRef = 7D23BD5FDB0EB949ABBF5B9F /* PBXContainerItemProxy */;
			sourceTree = BUILT_PRODUCTS_DIR;
		};
		42AF77B5DFAA63DF2F20BDF5 /* liblibpng_d.a */ = {
			isa = PBXReferenceProxy;
			fileType = archive.ar;
			path = liblibpng_d.a;
			remoteRef = 9EF63458FCE13042CD91D298 /* PBXContainerItemProxy */;
			sourceTree = BUILT_PRODUCTS_DIR;
		};
		45BA2E14F9F4A1FECF10CC54 /* liblibjson_d.a */ = {
			isa = PBXReferenceProxy;
			fileType = archive.ar;
			path = liblibjson_d.a;
			remoteRef = 1C7950AD37C3C9D71E88B6ED /* PBXContainerItemProxy */;
			sourceTree = BUILT_PRODUCTS_DIR;
		};
		464ED69EE349C2C832C01CDE /* libopenal_d.a */ = {
			isa = PBXReferenceProxy;
			fileType = archive.ar;
			path = libopenal_d.a;
			remoteRef = 3825405B96103C4566C0DE9B /* PBXContainerItemProxy */;
			sourceTree = BUILT_PRODUCTS_DIR;
		};
		4D739D582A096242983ADB98 /* libogg_d.a */ = {
			isa = PBXReferenceProxy;
			fileType = archive.ar;
			path = libogg_d.a;
			remoteRef = E17ED819EAB74C43F1551E59 /* PBXContainerItemProxy */;
			sourceTree = BUILT_PRODUCTS_DIR;
		};
		535FB6B649275F60F1CDCCF6 /* libFindPathEngine_d.a */ = {
			isa = PBXReferenceProxy;
			fileType = archive.ar;
			path = libFindPathEngine_d.a;
			remoteRef = E17F168005F45C6A67F4F4C0 /* PBXContainerItemProxy */;
			sourceTree = BUILT_PRODUCTS_DIR;
		};
		59C79734D6372BDEA5512D74 /* libzlib_d.a */ = {
			isa = PBXReferenceProxy;
			fileType = archive.ar;
			path = libzlib_d.a;
			remoteRef = AA1BC24DDA62BBB7B4BAD08D /* PBXContainerItemProxy */;
			sourceTree = BUILT_PRODUCTS_DIR;
		};
		5E9B4F4EDB0AE3F8AA24E58E /* libglew_d.a */ = {
			isa = PBXReferenceProxy;
			fileType = archive.ar;
			path = libglew_d.a;
			remoteRef = 17CC3AEB48133455226B492B /* PBXContainerItemProxy */;
			sourceTree = BUILT_PRODUCTS_DIR;
		};
		6C7D445FDBCBA689102C4A9F /* libtinyxml2_d.a */ = {
			isa = PBXReferenceProxy;
			fileType = archive.ar;
			path = libtinyxml2_d.a;
			remoteRef = 991BC6831DB564EDDD17F4C3 /* PBXContainerItemProxy */;
			sourceTree = BUILT_PRODUCTS_DIR;
		};
		94077C03107710ADDF911243 /* libcurl_d.a */ = {
			isa = PBXReferenceProxy;
			fileType = archive.ar;
			path = libcurl_d.a;
			remoteRef = 9D5DDC72CDA4D5DCA7FCEAB2 /* PBXContainerItemProxy */;
			sourceTree = BUILT_PRODUCTS_DIR;
		};
		A12BDEA03E26CACA8D9D24E0 /* libvorbis_d.a */ = {
			isa = PBXReferenceProxy;
			fileType = archive.ar;
			path = libvorbis_d.a;
			remoteRef = D59B08713386045B0436A6B1 /* PBXContainerItemProxy */;
			sourceTree = BUILT_PRODUCTS_DIR;
		};
		AB8C1F078821E3F1F6535D47 /* liblua_d.a */ = {
			isa = PBXReferenceProxy;
			fileType = archive.ar;
			path = liblua_d.a;
			remoteRef = C9C2147ED2FA88A8D9985ABE /* PBXContainerItemProxy */;
			sourceTree = BUILT_PRODUCTS_DIR;
		};
		AEFD9B32F9E025DC8674F172 /* libteckel_d.a */ = {
			isa = PBXReferenceProxy;
			fileType = archive.ar;
			path = libteckel_d.a;
			remoteRef = 8B394DD4E92449BEB9D4EC14 /* PBXContainerItemProxy */;
			sourceTree = BUILT_PRODUCTS_DIR;
		};
		BB3786B0583272DAA7A8CCF0 /* libbase64_d.a */ = {
			isa = PBXReferenceProxy;
			fileType = archive.ar;
			path = libbase64_d.a;
			remoteRef = 5A8EC121B879BD0B892A5F61 /* PBXContainerItemProxy */;
			sourceTree = BUILT_PRODUCTS_DIR;
		};
		C6A01DD635EE80006A4F2416 /* libfreetype_d.a */ = {
			isa = PBXReferenceProxy;
			fileType = archive.ar;
			path = libfreetype_d.a;
			remoteRef = 30CA77E0B564164A74C6A620 /* PBXContainerItemProxy */;
			sourceTree = BUILT_PRODUCTS_DIR;
		};
		FF03F2AFB33E6699885A90EF /* libbullet2_d.a */ = {
			isa = PBXReferenceProxy;
			fileType = archive.ar;
			path = libbullet2_d.a;
			remoteRef = 3F9D5E365AE7D76041ACC476 /* PBXContainerItemProxy */;
			sourceTree = BUILT_PRODUCTS_DIR;
		};
/* End PBXReferenceProxy section */

/* Begin PBXResourcesBuildPhase section */
		3CF6CFADDA75A4176FC8BDED /* Resources */ = {
			isa = PBXResourcesBuildPhase;
			buildActionMask = 2147483647;
			files = (
			);
			runOnlyForDeploymentPostprocessing = 0;
		};
/* End PBXResourcesBuildPhase section */

/* Begin PBXSourcesBuildPhase section */
		D6AC5764742B2BCE097E45A4 /* Sources */ = {
			isa = PBXSourcesBuildPhase;
			buildActionMask = 2147483647;
			files = (
				6FFA63278B44DC517209C967 /* main.cpp in Sources */,
			);
			runOnlyForDeploymentPostprocessing = 0;
		};
/* End PBXSourcesBuildPhase section */

/* Begin PBXTargetDependency section */
		03625F091EACD8330571C549 /* PBXTargetDependency */ = {
			isa = PBXTargetDependency;
			name = freetype;
			targetProxy = 48417219CCDB10838C3DA059 /* PBXContainerItemProxy */;
		};
		0A626CB4139AE0DE1A38B2F4 /* PBXTargetDependency */ = {
			isa = PBXTargetDependency;
			name = glew;
			targetProxy = 2F4335245F8A2E8E39E24364 /* PBXContainerItemProxy */;
		};
		107F1C220904B30C3F859A62 /* PBXTargetDependency */ = {
			isa = PBXTargetDependency;
			name = ogg;
			targetProxy = F8F5D252022E467C08CC1892 /* PBXContainerItemProxy */;
		};
		1DF2795B272AED852DC8BF9B /* PBXTargetDependency */ = {
			isa = PBXTargetDependency;
			name = curl;
			targetProxy = B4D4D6ABE51BD015BF73E4EB /* PBXContainerItemProxy */;
		};
		2F2AA17A6850C8248DAB77BA /* PBXTargetDependency */ = {
			isa = PBXTargetDependency;
			name = vorbis;
			targetProxy = ED1202AA4AFCFE941BADA0EA /* PBXContainerItemProxy */;
		};
		3332042A6C582AD491B2DA6A /* PBXTargetDependency */ = {
			isa = PBXTargetDependency;
			name = base64;
			targetProxy = 7205BB5ACFF0B744A0A1599A /* PBXContainerItemProxy */;
		};
		49A6D29FA791CE89784270DF /* PBXTargetDependency */ = {
			isa = PBXTargetDependency;
			name = bullet2;
			targetProxy = 5714586F725ED1995923BEAF /* PBXContainerItemProxy */;
		};
		544C6C818D72932BB2CD42C1 /* PBXTargetDependency */ = {
			isa = PBXTargetDependency;
			name = libpng;
			targetProxy = B66D2E9114582A7BE508CCD1 /* PBXContainerItemProxy */;
		};
		63A2E54C7EED5E7665B24B8C /* PBXTargetDependency */ = {
			isa = PBXTargetDependency;
			name = tinyxml2;
			targetProxy = B092C0BC352C5F26F48EEEFC /* PBXContainerItemProxy */;
		};
		692E8A3780FBF5E12CB08077 /* PBXTargetDependency */ = {
			isa = PBXTargetDependency;
			name = ThreadPool;
			targetProxy = 67930307790DE3F19B53C147 /* PBXContainerItemProxy */;
		};
		77F88424B11EAACED6795A64 /* PBXTargetDependency */ = {
			isa = PBXTargetDependency;
			name = openal;
			targetProxy = 4F9C3A94AD87367E7E37D8D4 /* PBXContainerItemProxy */;
		};
		9B69DFE793EF76D1CA705E27 /* PBXTargetDependency */ = {
			isa = PBXTargetDependency;
			name = lua;
			targetProxy = E1390EB7EA7182E1F10F54F7 /* PBXContainerItemProxy */;
		};
		A0D970A8D9FF9752FF5A46E8 /* PBXTargetDependency */ = {
			isa = PBXTargetDependency;
			name = theora;
			targetProxy = 949AB798F285B382C33655D8 /* PBXContainerItemProxy */;
		};
		CAADA9A99D3CDA53CEC0BFE9 /* PBXTargetDependency */ = {
			isa = PBXTargetDependency;
			name = FindPathEngine;
			targetProxy = F8F610B91D6B56A37F6BEEF9 /* PBXContainerItemProxy */;
		};
		D794467D10BA6D2736151CBD /* PBXTargetDependency */ = {
			isa = PBXTargetDependency;
			name = teckel;
			targetProxy = A2B0480D009B43F7D14BE64D /* PBXContainerItemProxy */;
		};
		FB02D23658EDCE20299E7076 /* PBXTargetDependency */ = {
			isa = PBXTargetDependency;
			name = libjson;
			targetProxy = 33F04AE64F3AC41035FFB126 /* PBXContainerItemProxy */;
		};
		FF4D8FD6088604000F23D616 /* PBXTargetDependency */ = {
			isa = PBXTargetDependency;
			name = zlib;
			targetProxy = C192BC86F1D9B5F0CC31CAC6 /* PBXContainerItemProxy */;
		};
/* End PBXTargetDependency section */

/* Begin PBXVariantGroup section */
/* End PBXVariantGroup section */

/* Begin XCBuildConfiguration section */
		04FDBBF81CCB27A2C87FB238 /* Debug */ = {
			isa = XCBuildConfiguration;
			buildSettings = {
				ALWAYS_SEARCH_USER_PATHS = NO;
				ARCHS = "$(ARCHS_STANDARD)";
				CLANG_CXX_LANGUAGE_STANDARD = "c++11";
				CLANG_CXX_LIBRARY = "libc++";
				CLANG_WARN_BOOL_CONVERSION = YES;
				CLANG_WARN_CONSTANT_CONVERSION = YES;
				CLANG_WARN_EMPTY_BODY = YES;
				CLANG_WARN_ENUM_CONVERSION = YES;
				CLANG_WARN_INT_CONVERSION = YES;
				CLANG_WARN_UNREACHABLE_CODE = YES;
				CLANG_WARN__DUPLICATE_METHOD_MATCH = YES;
				CODE_SIGN_IDENTITY = "iPhone Developer: Valeri Vuchov (WDTMDP2J2J)";
				COMMON_HEADER_SEARCH_PATHS = (
					../../../src,
					../../../deps/teckel/include,
					../../../deps/teckel/deps/include,
					../../../deps/bullet2/src,
					../../../deps/openal/include,
					../../../deps/vorbis/include,
					../../../deps/ogg/include,
					../../../deps/libpng,
					../../../deps/lua/src,
					../../../deps/glew/include,
				);
				CONFIGURATION_BUILD_DIR = "$(SYMROOT)";
				CONFIGURATION_TEMP_DIR = "$(OBJROOT)";
				COPY_PHASE_STRIP = NO;
				ENABLE_STRICT_OBJC_MSGSEND = YES;
				GCC_C_LANGUAGE_STANDARD = c11;
				GCC_DYNAMIC_NO_PIC = NO;
				GCC_ENABLE_CPP_EXCEPTIONS = NO;
				GCC_ENABLE_FIX_AND_CONTINUE = YES;
				GCC_ENABLE_OBJC_EXCEPTIONS = NO;
				GCC_MODEL_TUNING = G5;
				GCC_NO_COMMON_BLOCKS = YES;
				GCC_OPTIMIZATION_LEVEL = 0;
				GCC_PREPROCESSOR_DEFINITIONS = (
					_DEBUG,
					_SCL_SECURE_NO_WARNINGS,
					_CRT_SECURE_NO_WARNINGS,
					_WINSOCK_DEPRECATED_NO_WARNINGS,
					_WINDOWS,
					AL_LIBTYPE_STATIC,
					AL_ALEXT_PROTOTYPES,
					OS_IPHONE,
				);
				GCC_SYMBOLS_PRIVATE_EXTERN = YES;
				GCC_VERSION = com.apple.compilers.llvm.clang.1_0;
				GCC_WARN_64_TO_32_BIT_CONVERSION = YES;
				GCC_WARN_ABOUT_DEPRECATED_FUNCTIONS = YES;
				GCC_WARN_ABOUT_RETURN_TYPE = YES;
				GCC_WARN_CHECK_SWITCH_STATEMENTS = NO;
				GCC_WARN_UNDECLARED_SELECTOR = YES;
				GCC_WARN_UNINITIALIZED_AUTOS = YES;
				GCC_WARN_UNUSED_FUNCTION = NO;
				GCC_WARN_UNUSED_VARIABLE = NO;
				HEADER_SEARCH_PATHS = "$(COMMON_HEADER_SEARCH_PATHS)";
				INSTALL_PATH = "\"$(HOME)/Applications\"";
				IPHONEOS_DEPLOYMENT_TARGET = 6.0;
				OBJROOT = obj/Debug;
				ONLY_ACTIVE_ARCH = NO;
				PRODUCT_NAME = FindPathExample_d;
				SDKROOT = iphoneos;
				SKIP_INSTALL = YES;
				STANDARD_C_PLUS_PLUS_LIBRARY_TYPE = static;
				SYMROOT = ../../../build/xcode4/ios;
				TARGETED_DEVICE_FAMILY = "1,2";
				VALID_ARCHS = "$(ARCHS_STANDARD)";
			};
			name = Debug;
		};
		9DBA5B72DE91599C4992E1B2 /* Release */ = {
			isa = XCBuildConfiguration;
			buildSettings = {
				ALWAYS_SEARCH_USER_PATHS = NO;
				ARCHS = "$(ARCHS_STANDARD)";
				CLANG_CXX_LANGUAGE_STANDARD = "c++11";
				CLANG_CXX_LIBRARY = "libc++";
				CLANG_WARN_BOOL_CONVERSION = YES;
				CLANG_WARN_CONSTANT_CONVERSION = YES;
				CLANG_WARN_EMPTY_BODY = YES;
				CLANG_WARN_ENUM_CONVERSION = YES;
				CLANG_WARN_INT_CONVERSION = YES;
				CLANG_WARN_UNREACHABLE_CODE = YES;
				CLANG_WARN__DUPLICATE_METHOD_MATCH = YES;
				CODE_SIGN_IDENTITY = "iPhone Developer: Valeri Vuchov (WDTMDP2J2J)";
				COMMON_HEADER_SEARCH_PATHS = (
					../../../src,
					../../../deps/teckel/include,
					../../../deps/teckel/deps/include,
					../../../deps/bullet2/src,
					../../../deps/openal/include,
					../../../deps/vorbis/include,
					../../../deps/ogg/include,
					../../../deps/libpng,
					../../../deps/lua/src,
					../../../deps/glew/include,
				);
				CONFIGURATION_BUILD_DIR = "$(SYMROOT)";
				CONFIGURATION_TEMP_DIR = "$(OBJROOT)";
				COPY_PHASE_STRIP = NO;
				ENABLE_STRICT_OBJC_MSGSEND = YES;
				GCC_C_LANGUAGE_STANDARD = c11;
				GCC_DYNAMIC_NO_PIC = NO;
				GCC_ENABLE_CPP_EXCEPTIONS = NO;
				GCC_ENABLE_FIX_AND_CONTINUE = YES;
				GCC_ENABLE_OBJC_EXCEPTIONS = NO;
				GCC_MODEL_TUNING = G5;
				GCC_NO_COMMON_BLOCKS = YES;
				GCC_OPTIMIZATION_LEVEL = 3;
				GCC_PREPROCESSOR_DEFINITIONS = (
					NDEBUG,
					"_SECURE_SCL=0",
					"_SECURE_SCL_THROWS=0",
					_SCL_SECURE_NO_WARNINGS,
					_CRT_SECURE_NO_WARNINGS,
					_WINSOCK_DEPRECATED_NO_WARNINGS,
					_WINDOWS,
					AL_LIBTYPE_STATIC,
					AL_ALEXT_PROTOTYPES,
					OS_IPHONE,
				);
				GCC_SYMBOLS_PRIVATE_EXTERN = YES;
				GCC_VERSION = com.apple.compilers.llvm.clang.1_0;
				GCC_WARN_64_TO_32_BIT_CONVERSION = YES;
				GCC_WARN_ABOUT_DEPRECATED_FUNCTIONS = YES;
				GCC_WARN_ABOUT_RETURN_TYPE = YES;
				GCC_WARN_CHECK_SWITCH_STATEMENTS = NO;
				GCC_WARN_UNDECLARED_SELECTOR = YES;
				GCC_WARN_UNINITIALIZED_AUTOS = YES;
				GCC_WARN_UNUSED_FUNCTION = NO;
				GCC_WARN_UNUSED_VARIABLE = NO;
				HEADER_SEARCH_PATHS = "$(COMMON_HEADER_SEARCH_PATHS)";
				INSTALL_PATH = "\"$(HOME)/Applications\"";
				IPHONEOS_DEPLOYMENT_TARGET = 6.0;
				OBJROOT = obj/Release;
				ONLY_ACTIVE_ARCH = NO;
				PRODUCT_NAME = FindPathExample;
				SDKROOT = iphoneos;
				SKIP_INSTALL = YES;
				STANDARD_C_PLUS_PLUS_LIBRARY_TYPE = static;
				SYMROOT = ../../../build/xcode4/ios;
				TARGETED_DEVICE_FAMILY = "1,2";
				VALID_ARCHS = "$(ARCHS_STANDARD)";
			};
			name = Release;
		};
		BAFAE563B3807C4DEA0163A3 /* Debug */ = {
			isa = XCBuildConfiguration;
			buildSettings = {
				ALWAYS_SEARCH_USER_PATHS = NO;
				ARCHS = "$(ARCHS_STANDARD)";
				CLANG_CXX_LANGUAGE_STANDARD = "c++11";
				CLANG_CXX_LIBRARY = "libc++";
				CLANG_WARN_BOOL_CONVERSION = YES;
				CLANG_WARN_CONSTANT_CONVERSION = YES;
				CLANG_WARN_EMPTY_BODY = YES;
				CLANG_WARN_ENUM_CONVERSION = YES;
				CLANG_WARN_INT_CONVERSION = YES;
				CLANG_WARN_UNREACHABLE_CODE = YES;
				CLANG_WARN__DUPLICATE_METHOD_MATCH = YES;
				CODE_SIGN_IDENTITY = "iPhone Developer: Valeri Vuchov (WDTMDP2J2J)";
				COMMON_HEADER_SEARCH_PATHS = (
					../../../src,
					../../../deps/teckel/include,
					../../../deps/teckel/deps/include,
					../../../deps/bullet2/src,
					../../../deps/openal/include,
					../../../deps/vorbis/include,
					../../../deps/ogg/include,
					../../../deps/libpng,
					../../../deps/lua/src,
					../../../deps/glew/include,
				);
				CONFIGURATION_BUILD_DIR = "$(SYMROOT)";
				CONFIGURATION_TEMP_DIR = "$(OBJROOT)";
				COPY_PHASE_STRIP = NO;
				ENABLE_STRICT_OBJC_MSGSEND = YES;
				GCC_C_LANGUAGE_STANDARD = c11;
				GCC_DYNAMIC_NO_PIC = NO;
				GCC_ENABLE_CPP_EXCEPTIONS = NO;
				GCC_ENABLE_FIX_AND_CONTINUE = YES;
				GCC_ENABLE_OBJC_EXCEPTIONS = NO;
				GCC_MODEL_TUNING = G5;
				GCC_NO_COMMON_BLOCKS = YES;
				GCC_OPTIMIZATION_LEVEL = 0;
				GCC_PREPROCESSOR_DEFINITIONS = (
					_DEBUG,
					_SCL_SECURE_NO_WARNINGS,
					_CRT_SECURE_NO_WARNINGS,
					_WINSOCK_DEPRECATED_NO_WARNINGS,
					_WINDOWS,
					AL_LIBTYPE_STATIC,
					AL_ALEXT_PROTOTYPES,
					OS_IPHONE,
				);
				GCC_SYMBOLS_PRIVATE_EXTERN = YES;
				GCC_VERSION = com.apple.compilers.llvm.clang.1_0;
				GCC_WARN_64_TO_32_BIT_CONVERSION = YES;
				GCC_WARN_ABOUT_DEPRECATED_FUNCTIONS = YES;
				GCC_WARN_ABOUT_RETURN_TYPE = YES;
				GCC_WARN_CHECK_SWITCH_STATEMENTS = NO;
				GCC_WARN_UNDECLARED_SELECTOR = YES;
				GCC_WARN_UNINITIALIZED_AUTOS = YES;
				GCC_WARN_UNUSED_FUNCTION = NO;
				GCC_WARN_UNUSED_VARIABLE = NO;
				HEADER_SEARCH_PATHS = "$(COMMON_HEADER_SEARCH_PATHS)";
				INSTALL_PATH = "\"$(HOME)/Applications\"";
				IPHONEOS_DEPLOYMENT_TARGET = 6.0;
				OBJROOT = obj/Debug;
				ONLY_ACTIVE_ARCH = NO;
				SDKROOT = iphoneos;
				SKIP_INSTALL = YES;
				STANDARD_C_PLUS_PLUS_LIBRARY_TYPE = static;
				SYMROOT = ../../../build/xcode4/ios;
				TARGETED_DEVICE_FAMILY = "1,2";
				VALID_ARCHS = "$(ARCHS_STANDARD)";
			};
			name = Debug;
		};
		D3AD5A1D03F45387DE4C685D /* Release */ = {
			isa = XCBuildConfiguration;
			buildSettings = {
				ALWAYS_SEARCH_USER_PATHS = NO;
				ARCHS = "$(ARCHS_STANDARD)";
				CLANG_CXX_LANGUAGE_STANDARD = "c++11";
				CLANG_CXX_LIBRARY = "libc++";
				CLANG_WARN_BOOL_CONVERSION = YES;
				CLANG_WARN_CONSTANT_CONVERSION = YES;
				CLANG_WARN_EMPTY_BODY = YES;
				CLANG_WARN_ENUM_CONVERSION = YES;
				CLANG_WARN_INT_CONVERSION = YES;
				CLANG_WARN_UNREACHABLE_CODE = YES;
				CLANG_WARN__DUPLICATE_METHOD_MATCH = YES;
				CODE_SIGN_IDENTITY = "iPhone Developer: Valeri Vuchov (WDTMDP2J2J)";
				COMMON_HEADER_SEARCH_PATHS = (
					../../../src,
					../../../deps/teckel/include,
					../../../deps/teckel/deps/include,
					../../../deps/bullet2/src,
					../../../deps/openal/include,
					../../../deps/vorbis/include,
					../../../deps/ogg/include,
					../../../deps/libpng,
					../../../deps/lua/src,
					../../../deps/glew/include,
				);
				CONFIGURATION_BUILD_DIR = "$(SYMROOT)";
				CONFIGURATION_TEMP_DIR = "$(OBJROOT)";
				COPY_PHASE_STRIP = NO;
				ENABLE_STRICT_OBJC_MSGSEND = YES;
				GCC_C_LANGUAGE_STANDARD = c11;
				GCC_DYNAMIC_NO_PIC = NO;
				GCC_ENABLE_CPP_EXCEPTIONS = NO;
				GCC_ENABLE_FIX_AND_CONTINUE = YES;
				GCC_ENABLE_OBJC_EXCEPTIONS = NO;
				GCC_MODEL_TUNING = G5;
				GCC_NO_COMMON_BLOCKS = YES;
				GCC_OPTIMIZATION_LEVEL = 3;
				GCC_PREPROCESSOR_DEFINITIONS = (
					NDEBUG,
					"_SECURE_SCL=0",
					"_SECURE_SCL_THROWS=0",
					_SCL_SECURE_NO_WARNINGS,
					_CRT_SECURE_NO_WARNINGS,
					_WINSOCK_DEPRECATED_NO_WARNINGS,
					_WINDOWS,
					AL_LIBTYPE_STATIC,
					AL_ALEXT_PROTOTYPES,
					OS_IPHONE,
				);
				GCC_SYMBOLS_PRIVATE_EXTERN = YES;
				GCC_VERSION = com.apple.compilers.llvm.clang.1_0;
				GCC_WARN_64_TO_32_BIT_CONVERSION = YES;
				GCC_WARN_ABOUT_DEPRECATED_FUNCTIONS = YES;
				GCC_WARN_ABOUT_RETURN_TYPE = YES;
				GCC_WARN_CHECK_SWITCH_STATEMENTS = NO;
				GCC_WARN_UNDECLARED_SELECTOR = YES;
				GCC_WARN_UNINITIALIZED_AUTOS = YES;
				GCC_WARN_UNUSED_FUNCTION = NO;
				GCC_WARN_UNUSED_VARIABLE = NO;
				HEADER_SEARCH_PATHS = "$(COMMON_HEADER_SEARCH_PATHS)";
				INSTALL_PATH = "\"$(HOME)/Applications\"";
				IPHONEOS_DEPLOYMENT_TARGET = 6.0;
				OBJROOT = obj/Release;
				ONLY_ACTIVE_ARCH = NO;
				SDKROOT = iphoneos;
				SKIP_INSTALL = YES;
				STANDARD_C_PLUS_PLUS_LIBRARY_TYPE = static;
				SYMROOT = ../../../build/xcode4/ios;
				TARGETED_DEVICE_FAMILY = "1,2";
				VALID_ARCHS = "$(ARCHS_STANDARD)";
			};
			name = Release;
		};
/* End XCBuildConfiguration section */

/* Begin XCConfigurationList section */
		1DEB928908733DD80010E9CD /* Build configuration list for PBXProject "FindPathExample" */ = {
			isa = XCConfigurationList;
			buildConfigurations = (
				BAFAE563B3807C4DEA0163A3 /* Debug */,
				D3AD5A1D03F45387DE4C685D /* Release */,
			);
			defaultConfigurationIsVisible = 0;
			defaultConfigurationName = Debug;
		};
		974846CC34C71B36CA1A350C /* Build configuration list for PBXNativeTarget "FindPathExample" */ = {
			isa = XCConfigurationList;
			buildConfigurations = (
				04FDBBF81CCB27A2C87FB238 /* Debug */,
				9DBA5B72DE91599C4992E1B2 /* Release */,
			);
			defaultConfigurationIsVisible = 0;
			defaultConfigurationName = Debug;
		};
/* End XCConfigurationList section */
	};
	rootObject = 08FB7793FE84155DC02AAC07 /* Project object */;
}
